
Microsoft Visual Studio Solution File, Format Version 12.00
# Visual Studio Version 17
VisualStudioVersion = 17.1.32210.238
MinimumVisualStudioVersion = 10.0.40219.1
Project("{FAE04EC0-301F-11D3-BF4B-00C04F79EFBC}") = "OpenBank", "OpenBank\OpenBank.csproj", "{500117D7-A8DA-434A-B755-93E6D203F62B}"
EndProject
Global
	GlobalSection(SolutionConfigurationPlatforms) = preSolution
		Debug|Any CPU = Debug|Any CPU
		Release|Any CPU = Release|Any CPU
	EndGlobalSection
	GlobalSection(ProjectConfigurationPlatforms) = postSolution
		{500117D7-A8DA-434A-B755-93E6D203F62B}.Debug|Any CPU.ActiveCfg = Debug|Any CPU
		{500117D7-A8DA-434A-B755-93E6D203F62B}.Debug|Any CPU.Build.0 = Debug|Any CPU
		{500117D7-A8DA-434A-B755-93E6D203F62B}.Release|Any CPU.ActiveCfg = Release|Any CPU
		{500117D7-A8DA-434A-B755-93E6D203F62B}.Release|Any CPU.Build.0 = Release|Any CPU
	EndGlobalSection
	GlobalSection(SolutionProperties) = preSolution
		HideSolutionNode = FALSE
	EndGlobalSection
	GlobalSection(ExtensibilityGlobals) = postSolution
		SolutionGuid = {8D3FD167-B34B-43B5-A77C-587F96D8F2C4}
	EndGlobalSection
EndGlobal
